
Microsoft Visual Studio Solution File, Format Version 12.00
# Visual Studio 15
VisualStudioVersion = 15.0.27428.2037
MinimumVisualStudioVersion = 10.0.40219.1
Project("{9A19103F-16F7-4668-BE54-9A1E7A4F7556}") = "ViewModels.Core", "ViewModels.Core\ViewModels.Core.csproj", "{F270C246-201F-4289-BEBE-8E59BDF4F270}"
EndProject
Project("{9A19103F-16F7-4668-BE54-9A1E7A4F7556}") = "ViewModels.Core.Tests", "ViewModels.Core.Tests\ViewModels.Core.Tests.csproj", "{FE6A9968-5435-4B52-BF53-FCCBFB947F9A}"
EndProject
Global
	GlobalSection(SolutionConfigurationPlatforms) = preSolution
		Debug|Any CPU = Debug|Any CPU
		Release|Any CPU = Release|Any CPU
	EndGlobalSection
	GlobalSection(ProjectConfigurationPlatforms) = postSolution
		{F270C246-201F-4289-BEBE-8E59BDF4F270}.Debug|Any CPU.ActiveCfg = Debug|Any CPU
		{F270C246-201F-4289-BEBE-8E59BDF4F270}.Debug|Any CPU.Build.0 = Debug|Any CPU
		{F270C246-201F-4289-BEBE-8E59BDF4F270}.Release|Any CPU.ActiveCfg = Release|Any CPU
		{F270C246-201F-4289-BEBE-8E59BDF4F270}.Release|Any CPU.Build.0 = Release|Any CPU
		{FE6A9968-5435-4B52-BF53-FCCBFB947F9A}.Debug|Any CPU.ActiveCfg = Debug|Any CPU
		{FE6A9968-5435-4B52-BF53-FCCBFB947F9A}.Debug|Any CPU.Build.0 = Debug|Any CPU
		{FE6A9968-5435-4B52-BF53-FCCBFB947F9A}.Release|Any CPU.ActiveCfg = Release|Any CPU
		{FE6A9968-5435-4B52-BF53-FCCBFB947F9A}.Release|Any CPU.Build.0 = Release|Any CPU
	EndGlobalSection
	GlobalSection(SolutionProperties) = preSolution
		HideSolutionNode = FALSE
	EndGlobalSection
	GlobalSection(ExtensibilityGlobals) = postSolution
		SolutionGuid = {FD9674CB-AD88-4076-B2ED-1EA637F09BC8}
	EndGlobalSection
EndGlobal
